
Microsoft Visual Studio Solution File, Format Version 12.00
# Visual Studio Version 17
VisualStudioVersion = 17.6.33815.320
MinimumVisualStudioVersion = 10.0.40219.1
Project("{FAE04EC0-301F-11D3-BF4B-00C04F79EFBC}") = "SakkTabla", "SakkTabla.csproj", "{34961BA2-FB56-47D1-A143-11AA64907E3F}"
EndProject
Global
	GlobalSection(SolutionConfigurationPlatforms) = preSolution
		Debug|Any CPU = Debug|Any CPU
		Release|Any CPU = Release|Any CPU
	EndGlobalSection
	GlobalSection(ProjectConfigurationPlatforms) = postSolution
		{34961BA2-FB56-47D1-A143-11AA64907E3F}.Debug|Any CPU.ActiveCfg = Debug|Any CPU
		{34961BA2-FB56-47D1-A143-11AA64907E3F}.Debug|Any CPU.Build.0 = Debug|Any CPU
		{34961BA2-FB56-47D1-A143-11AA64907E3F}.Release|Any CPU.ActiveCfg = Release|Any CPU
		{34961BA2-FB56-47D1-A143-11AA64907E3F}.Release|Any CPU.Build.0 = Release|Any CPU
	EndGlobalSection
	GlobalSection(SolutionProperties) = preSolution
		HideSolutionNode = FALSE
	EndGlobalSection
	GlobalSection(ExtensibilityGlobals) = postSolution
		SolutionGuid = {79A3A89C-B62E-4962-AE8F-6EAA9520D962}
	EndGlobalSection
EndGlobal
